
Microsoft Visual Studio Solution File, Format Version 12.00
# Visual Studio Version 17
VisualStudioVersion = 17.5.33502.453
MinimumVisualStudioVersion = 10.0.40219.1
Project("{8BC9CEB8-8B4A-11D0-8D11-00A0C91BC942}") = "Functions", "Functions\Functions.vcxproj", "{B83D5E3F-3448-416D-B82F-99D0B9A5DD1F}"
EndProject
Project("{8BC9CEB8-8B4A-11D0-8D11-00A0C91BC942}") = "Arrays", "Arrays\Arrays.vcxproj", "{EF7EC406-A0E6-428F-B8B5-D0C67A06B533}"
EndProject
Project("{8BC9CEB8-8B4A-11D0-8D11-00A0C91BC942}") = "FunctionsTamplates", "FunctionsTamplates\FunctionsTamplates.vcxproj", "{EACA1753-662E-43A1-B08F-0ED6DD8F1A8D}"
EndProject
Global
	GlobalSection(SolutionConfigurationPlatforms) = preSolution
		Debug|x64 = Debug|x64
		Debug|x86 = Debug|x86
		Release|x64 = Release|x64
		Release|x86 = Release|x86
	EndGlobalSection
	GlobalSection(ProjectConfigurationPlatforms) = postSolution
		{B83D5E3F-3448-416D-B82F-99D0B9A5DD1F}.Debug|x64.ActiveCfg = Debug|x64
		{B83D5E3F-3448-416D-B82F-99D0B9A5DD1F}.Debug|x64.Build.0 = Debug|x64
		{B83D5E3F-3448-416D-B82F-99D0B9A5DD1F}.Debug|x86.ActiveCfg = Debug|Win32
		{B83D5E3F-3448-416D-B82F-99D0B9A5DD1F}.Debug|x86.Build.0 = Debug|Win32
		{B83D5E3F-3448-416D-B82F-99D0B9A5DD1F}.Release|x64.ActiveCfg = Release|x64
		{B83D5E3F-3448-416D-B82F-99D0B9A5DD1F}.Release|x64.Build.0 = Release|x64
		{B83D5E3F-3448-416D-B82F-99D0B9A5DD1F}.Release|x86.ActiveCfg = Release|Win32
		{B83D5E3F-3448-416D-B82F-99D0B9A5DD1F}.Release|x86.Build.0 = Release|Win32
		{EF7EC406-A0E6-428F-B8B5-D0C67A06B533}.Debug|x64.ActiveCfg = Debug|x64
		{EF7EC406-A0E6-428F-B8B5-D0C67A06B533}.Debug|x64.Build.0 = Debug|x64
		{EF7EC406-A0E6-428F-B8B5-D0C67A06B533}.Debug|x86.ActiveCfg = Debug|Win32
		{EF7EC406-A0E6-428F-B8B5-D0C67A06B533}.Debug|x86.Build.0 = Debug|Win32
		{EF7EC406-A0E6-428F-B8B5-D0C67A06B533}.Release|x64.ActiveCfg = Release|x64
		{EF7EC406-A0E6-428F-B8B5-D0C67A06B533}.Release|x64.Build.0 = Release|x64
		{EF7EC406-A0E6-428F-B8B5-D0C67A06B533}.Release|x86.ActiveCfg = Release|Win32
		{EF7EC406-A0E6-428F-B8B5-D0C67A06B533}.Release|x86.Build.0 = Release|Win32
		{EACA1753-662E-43A1-B08F-0ED6DD8F1A8D}.Debug|x64.ActiveCfg = Debug|x64
		{EACA1753-662E-43A1-B08F-0ED6DD8F1A8D}.Debug|x64.Build.0 = Debug|x64
		{EACA1753-662E-43A1-B08F-0ED6DD8F1A8D}.Debug|x86.ActiveCfg = Debug|Win32
		{EACA1753-662E-43A1-B08F-0ED6DD8F1A8D}.Debug|x86.Build.0 = Debug|Win32
		{EACA1753-662E-43A1-B08F-0ED6DD8F1A8D}.Release|x64.ActiveCfg = Release|x64
		{EACA1753-662E-43A1-B08F-0ED6DD8F1A8D}.Release|x64.Build.0 = Release|x64
		{EACA1753-662E-43A1-B08F-0ED6DD8F1A8D}.Release|x86.ActiveCfg = Release|Win32
		{EACA1753-662E-43A1-B08F-0ED6DD8F1A8D}.Release|x86.Build.0 = Release|Win32
	EndGlobalSection
	GlobalSection(SolutionProperties) = preSolution
		HideSolutionNode = FALSE
	EndGlobalSection
	GlobalSection(ExtensibilityGlobals) = postSolution
		SolutionGuid = {D594CCD1-4C94-419A-A14D-BC1B57FA5692}
	EndGlobalSection
EndGlobal
